<?xml version="1.0" encoding="UTF-8" standalone="yes" ?>
<CodeBlocks_project_file>
	<FileVersion major="1" minor="6" />
	<Project>
		<Option title="HClient" />
		<Option pch_mode="2" />
		<Option compiler="gcc" />
		<Build>
			<Target title="Release">
				<Option output="bin/Release/HClient" prefix_auto="1" extension_auto="1" />
				<Option object_output="obj/Release/" />
				<Option type="1" />
				<Option compiler="gcc" />
				<Compiler>
					<Add option="-O2" />
				</Compiler>
				<Linker>
					<Add option="-s" />
				</Linker>
			</Target>
		</Build>
		<Compiler>
			<Add option="-Wall" />
		</Compiler>
		<Unit filename="src/base/detect.h" />
		<Unit filename="src/base/math.h" />
		<Unit filename="src/base/system.c">
			<Option compilerVar="CC" />
		</Unit>
		<Unit filename="src/base/system.h" />
		<Unit filename="src/base/tl/algorithm.h" />
		<Unit filename="src/base/tl/allocator.h" />
		<Unit filename="src/base/tl/array.h" />
		<Unit filename="src/base/tl/base.h" />
		<Unit filename="src/base/tl/range.h" />
		<Unit filename="src/base/tl/sorted_array.h" />
		<Unit filename="src/base/tl/string.h" />
		<Unit filename="src/base/vmath.h" />
		<Unit filename="src/base/win32.h" />
		<Unit filename="src/engine/autoupdate.h" />
		<Unit filename="src/engine/client.h" />
		<Unit filename="src/engine/client/autoupdate.cpp" />
		<Unit filename="src/engine/client/autoupdate.h" />
		<Unit filename="src/engine/client/client.cpp" />
		<Unit filename="src/engine/client/client.h" />
		<Unit filename="src/engine/client/friends.cpp" />
		<Unit filename="src/engine/client/friends.h" />
		<Unit filename="src/engine/client/graphics.cpp" />
		<Unit filename="src/engine/client/graphics.h" />
		<Unit filename="src/engine/client/input.cpp" />
		<Unit filename="src/engine/client/input.h" />
		<Unit filename="src/engine/client/irc.cpp" />
		<Unit filename="src/engine/client/irc.h" />
		<Unit filename="src/engine/client/keynames.h" />
		<Unit filename="src/engine/client/movie.h" />
		<Unit filename="src/engine/client/news.cpp" />
		<Unit filename="src/engine/client/news.h" />
		<Unit filename="src/engine/client/serverbrowser.cpp" />
		<Unit filename="src/engine/client/serverbrowser.h" />
		<Unit filename="src/engine/client/servermanager.cpp" />
		<Unit filename="src/engine/client/servermanager.h" />
		<Unit filename="src/engine/client/sound.cpp" />
		<Unit filename="src/engine/client/sound.h" />
		<Unit filename="src/engine/client/text.cpp" />
		<Unit filename="src/engine/config.h" />
		<Unit filename="src/engine/console.h" />
		<Unit filename="src/engine/demo.h" />
		<Unit filename="src/engine/editor.h" />
		<Unit filename="src/engine/engine.h" />
		<Unit filename="src/engine/external/opengl/glext.h" />
		<Unit filename="src/engine/external/pnglite/pnglite.c">
			<Option compilerVar="CC" />
		</Unit>
		<Unit filename="src/engine/external/pnglite/pnglite.h" />
		<Unit filename="src/engine/external/wavpack/arm.S" />
		<Unit filename="src/engine/external/wavpack/arml.S" />
		<Unit filename="src/engine/external/wavpack/bits.c">
			<Option compilerVar="CC" />
		</Unit>
		<Unit filename="src/engine/external/wavpack/coldfire.S" />
		<Unit filename="src/engine/external/wavpack/float.c">
			<Option compilerVar="CC" />
		</Unit>
		<Unit filename="src/engine/external/wavpack/metadata.c">
			<Option compilerVar="CC" />
		</Unit>
		<Unit filename="src/engine/external/wavpack/unpack.c">
			<Option compilerVar="CC" />
		</Unit>
		<Unit filename="src/engine/external/wavpack/wavpack.h" />
		<Unit filename="src/engine/external/wavpack/words.c">
			<Option compilerVar="CC" />
		</Unit>
		<Unit filename="src/engine/external/wavpack/wputils.c">
			<Option compilerVar="CC" />
		</Unit>
		<Unit filename="src/engine/external/zlib/adler32.c">
			<Option compilerVar="CC" />
		</Unit>
		<Unit filename="src/engine/external/zlib/compress.c">
			<Option compilerVar="CC" />
		</Unit>
		<Unit filename="src/engine/external/zlib/crc32.c">
			<Option compilerVar="CC" />
		</Unit>
		<Unit filename="src/engine/external/zlib/crc32.h" />
		<Unit filename="src/engine/external/zlib/deflate.c">
			<Option compilerVar="CC" />
		</Unit>
		<Unit filename="src/engine/external/zlib/deflate.h" />
		<Unit filename="src/engine/external/zlib/gzio.c">
			<Option compilerVar="CC" />
		</Unit>
		<Unit filename="src/engine/external/zlib/infback.c">
			<Option compilerVar="CC" />
		</Unit>
		<Unit filename="src/engine/external/zlib/inffast.c">
			<Option compilerVar="CC" />
		</Unit>
		<Unit filename="src/engine/external/zlib/inffast.h" />
		<Unit filename="src/engine/external/zlib/inffixed.h" />
		<Unit filename="src/engine/external/zlib/inflate.c">
			<Option compilerVar="CC" />
		</Unit>
		<Unit filename="src/engine/external/zlib/inflate.h" />
		<Unit filename="src/engine/external/zlib/inftrees.c">
			<Option compilerVar="CC" />
		</Unit>
		<Unit filename="src/engine/external/zlib/inftrees.h" />
		<Unit filename="src/engine/external/zlib/trees.c">
			<Option compilerVar="CC" />
		</Unit>
		<Unit filename="src/engine/external/zlib/trees.h" />
		<Unit filename="src/engine/external/zlib/uncompr.c">
			<Option compilerVar="CC" />
		</Unit>
		<Unit filename="src/engine/external/zlib/zconf.h" />
		<Unit filename="src/engine/external/zlib/zconf.in.h" />
		<Unit filename="src/engine/external/zlib/zlib.h" />
		<Unit filename="src/engine/external/zlib/zutil.c">
			<Option compilerVar="CC" />
		</Unit>
		<Unit filename="src/engine/external/zlib/zutil.h" />
		<Unit filename="src/engine/friends.h" />
		<Unit filename="src/engine/graphics.h" />
		<Unit filename="src/engine/input.h" />
		<Unit filename="src/engine/irc.h" />
		<Unit filename="src/engine/kernel.h" />
		<Unit filename="src/engine/keys.h" />
		<Unit filename="src/engine/map.h" />
		<Unit filename="src/engine/masterserver.h" />
		<Unit filename="src/engine/message.h" />
		<Unit filename="src/engine/news.h" />
		<Unit filename="src/engine/server.h" />
		<Unit filename="src/engine/server/register.cpp" />
		<Unit filename="src/engine/server/register.h" />
		<Unit filename="src/engine/server/server.cpp" />
		<Unit filename="src/engine/server/server.h" />
		<Unit filename="src/engine/serverbrowser.h" />
		<Unit filename="src/engine/servermanager.h" />
		<Unit filename="src/engine/shared/compression.cpp" />
		<Unit filename="src/engine/shared/compression.h" />
		<Unit filename="src/engine/shared/config.cpp" />
		<Unit filename="src/engine/shared/config.h" />
		<Unit filename="src/engine/shared/config_variables.h" />
		<Unit filename="src/engine/shared/console.cpp" />
		<Unit filename="src/engine/shared/console.h" />
		<Unit filename="src/engine/shared/datafile.cpp" />
		<Unit filename="src/engine/shared/datafile.h" />
		<Unit filename="src/engine/shared/demo.cpp" />
		<Unit filename="src/engine/shared/demo.h" />
		<Unit filename="src/engine/shared/econ.cpp" />
		<Unit filename="src/engine/shared/econ.h" />
		<Unit filename="src/engine/shared/engine.cpp" />
		<Unit filename="src/engine/shared/filecollection.cpp" />
		<Unit filename="src/engine/shared/filecollection.h" />
		<Unit filename="src/engine/shared/huffman.cpp" />
		<Unit filename="src/engine/shared/huffman.h" />
		<Unit filename="src/engine/shared/jobs.cpp" />
		<Unit filename="src/engine/shared/jobs.h" />
		<Unit filename="src/engine/shared/kernel.cpp" />
		<Unit filename="src/engine/shared/linereader.cpp" />
		<Unit filename="src/engine/shared/linereader.h" />
		<Unit filename="src/engine/shared/map.cpp" />
		<Unit filename="src/engine/shared/mapchecker.cpp" />
		<Unit filename="src/engine/shared/mapchecker.h" />
		<Unit filename="src/engine/shared/masterserver.cpp" />
		<Unit filename="src/engine/shared/memheap.cpp" />
		<Unit filename="src/engine/shared/memheap.h" />
		<Unit filename="src/engine/shared/message.h" />
		<Unit filename="src/engine/shared/network.cpp" />
		<Unit filename="src/engine/shared/network.h" />
		<Unit filename="src/engine/shared/network_client.cpp" />
		<Unit filename="src/engine/shared/network_conn.cpp" />
		<Unit filename="src/engine/shared/network_console.cpp" />
		<Unit filename="src/engine/shared/network_console_conn.cpp" />
		<Unit filename="src/engine/shared/network_server.cpp" />
		<Unit filename="src/engine/shared/packer.cpp" />
		<Unit filename="src/engine/shared/packer.h" />
		<Unit filename="src/engine/shared/protocol.h" />
		<Unit filename="src/engine/shared/ringbuffer.cpp" />
		<Unit filename="src/engine/shared/ringbuffer.h" />
		<Unit filename="src/engine/shared/snapshot.cpp" />
		<Unit filename="src/engine/shared/snapshot.h" />
		<Unit filename="src/engine/shared/storage.cpp" />
		<Unit filename="src/engine/sound.h" />
		<Unit filename="src/engine/storage.h" />
		<Unit filename="src/engine/textrender.h" />
		<Unit filename="src/game/client/animstate.cpp" />
		<Unit filename="src/game/client/animstate.h" />
		<Unit filename="src/game/client/component.h" />
		<Unit filename="src/game/client/components/binds.cpp" />
		<Unit filename="src/game/client/components/binds.h" />
		<Unit filename="src/game/client/components/broadcast.cpp" />
		<Unit filename="src/game/client/components/broadcast.h" />
		<Unit filename="src/game/client/components/camera.cpp" />
		<Unit filename="src/game/client/components/camera.h" />
		<Unit filename="src/game/client/components/chat.cpp" />
		<Unit filename="src/game/client/components/chat.h" />
		<Unit filename="src/game/client/components/console.cpp" />
		<Unit filename="src/game/client/components/console.h" />
		<Unit filename="src/game/client/components/controls.cpp" />
		<Unit filename="src/game/client/components/controls.h" />
		<Unit filename="src/game/client/components/countryflags.cpp" />
		<Unit filename="src/game/client/components/countryflags.h" />
		<Unit filename="src/game/client/components/damageind.cpp" />
		<Unit filename="src/game/client/components/damageind.h" />
		<Unit filename="src/game/client/components/debughud.cpp" />
		<Unit filename="src/game/client/components/debughud.h" />
		<Unit filename="src/game/client/components/effects.cpp" />
		<Unit filename="src/game/client/components/effects.h" />
		<Unit filename="src/game/client/components/emoticon.cpp" />
		<Unit filename="src/game/client/components/emoticon.h" />
		<Unit filename="src/game/client/components/flow.cpp" />
		<Unit filename="src/game/client/components/flow.h" />
		<Unit filename="src/game/client/components/ghost.cpp" />
		<Unit filename="src/game/client/components/ghost.h" />
		<Unit filename="src/game/client/components/hud.cpp" />
		<Unit filename="src/game/client/components/hud.h" />
		<Unit filename="src/game/client/components/items.cpp" />
		<Unit filename="src/game/client/components/items.h" />
		<Unit filename="src/game/client/components/killmessages.cpp" />
		<Unit filename="src/game/client/components/killmessages.h" />
		<Unit filename="src/game/client/components/mapimages.cpp" />
		<Unit filename="src/game/client/components/mapimages.h" />
		<Unit filename="src/game/client/components/maplayers.cpp" />
		<Unit filename="src/game/client/components/maplayers.h" />
		<Unit filename="src/game/client/components/menus.cpp" />
		<Unit filename="src/game/client/components/menus.h" />
		<Unit filename="src/game/client/components/menus_browser.cpp" />
		<Unit filename="src/game/client/components/menus_demo.cpp" />
		<Unit filename="src/game/client/components/menus_ingame.cpp" />
		<Unit filename="src/game/client/components/menus_manager.cpp" />
		<Unit filename="src/game/client/components/menus_settings.cpp" />
		<Unit filename="src/game/client/components/motd.cpp" />
		<Unit filename="src/game/client/components/motd.h" />
		<Unit filename="src/game/client/components/nameplates.cpp" />
		<Unit filename="src/game/client/components/nameplates.h" />
		<Unit filename="src/game/client/components/particles.cpp" />
		<Unit filename="src/game/client/components/particles.h" />
		<Unit filename="src/game/client/components/players.cpp" />
		<Unit filename="src/game/client/components/players.h" />
		<Unit filename="src/game/client/components/scoreboard.cpp" />
		<Unit filename="src/game/client/components/scoreboard.h" />
		<Unit filename="src/game/client/components/serveradmin.cpp" />
		<Unit filename="src/game/client/components/serveradmin.h" />
		<Unit filename="src/game/client/components/skins.cpp" />
		<Unit filename="src/game/client/components/skins.h" />
		<Unit filename="src/game/client/components/sounds.cpp" />
		<Unit filename="src/game/client/components/sounds.h" />
		<Unit filename="src/game/client/components/spectator.cpp" />
		<Unit filename="src/game/client/components/spectator.h" />
		<Unit filename="src/game/client/components/voting.cpp" />
		<Unit filename="src/game/client/components/voting.h" />
		<Unit filename="src/game/client/gameclient.cpp" />
		<Unit filename="src/game/client/gameclient.h" />
		<Unit filename="src/game/client/lineinput.cpp" />
		<Unit filename="src/game/client/lineinput.h" />
		<Unit filename="src/game/client/render.cpp" />
		<Unit filename="src/game/client/render.h" />
		<Unit filename="src/game/client/render_map.cpp" />
		<Unit filename="src/game/client/ui.cpp" />
		<Unit filename="src/game/client/ui.h" />
		<Unit filename="src/game/collision.cpp" />
		<Unit filename="src/game/collision.h" />
		<Unit filename="src/game/editor/auto_map.cpp" />
		<Unit filename="src/game/editor/auto_map.h" />
		<Unit filename="src/game/editor/editor.cpp" />
		<Unit filename="src/game/editor/editor.h" />
		<Unit filename="src/game/editor/io.cpp" />
		<Unit filename="src/game/editor/layer_game.cpp" />
		<Unit filename="src/game/editor/layer_quads.cpp" />
		<Unit filename="src/game/editor/layer_tiles.cpp" />
		<Unit filename="src/game/editor/popups.cpp" />
		<Unit filename="src/game/gamecore.cpp" />
		<Unit filename="src/game/gamecore.h" />
		<Unit filename="src/game/generated/client_data.cpp" />
		<Unit filename="src/game/generated/client_data.h" />
		<Unit filename="src/game/generated/nethash.cpp" />
		<Unit filename="src/game/generated/protocol.cpp" />
		<Unit filename="src/game/generated/protocol.h" />
		<Unit filename="src/game/layers.cpp" />
		<Unit filename="src/game/layers.h" />
		<Unit filename="src/game/localization.cpp" />
		<Unit filename="src/game/localization.h" />
		<Unit filename="src/game/mapitems.h" />
		<Unit filename="src/game/server/bots.h" />
		<Unit filename="src/game/server/entities/character.cpp" />
		<Unit filename="src/game/server/entities/character.h" />
		<Unit filename="src/game/server/entities/flag.cpp" />
		<Unit filename="src/game/server/entities/flag.h" />
		<Unit filename="src/game/server/entities/laser.cpp" />
		<Unit filename="src/game/server/entities/laser.h" />
		<Unit filename="src/game/server/entities/pickup.cpp" />
		<Unit filename="src/game/server/entities/pickup.h" />
		<Unit filename="src/game/server/entities/projectile.cpp" />
		<Unit filename="src/game/server/entities/projectile.h" />
		<Unit filename="src/game/server/entities/trunk.cpp" />
		<Unit filename="src/game/server/entities/trunk.h" />
		<Unit filename="src/game/server/entity.cpp" />
		<Unit filename="src/game/server/entity.h" />
		<Unit filename="src/game/server/eventhandler.cpp" />
		<Unit filename="src/game/server/eventhandler.h" />
		<Unit filename="src/game/server/gamecontext.cpp" />
		<Unit filename="src/game/server/gamecontext.h" />
		<Unit filename="src/game/server/gamecontroller.cpp" />
		<Unit filename="src/game/server/gamecontroller.h" />
		<Unit filename="src/game/server/gamemodes/cem.cpp" />
		<Unit filename="src/game/server/gamemodes/cem.h" />
		<Unit filename="src/game/server/gamemodes/ctf.cpp" />
		<Unit filename="src/game/server/gamemodes/ctf.h" />
		<Unit filename="src/game/server/gamemodes/ctfb.cpp" />
		<Unit filename="src/game/server/gamemodes/ctfb.h" />
		<Unit filename="src/game/server/gamemodes/dm.cpp" />
		<Unit filename="src/game/server/gamemodes/dm.h" />
		<Unit filename="src/game/server/gamemodes/mod.cpp" />
		<Unit filename="src/game/server/gamemodes/mod.h" />
		<Unit filename="src/game/server/gamemodes/tdm.cpp" />
		<Unit filename="src/game/server/gamemodes/tdm.h" />
		<Unit filename="src/game/server/gameworld.cpp" />
		<Unit filename="src/game/server/gameworld.h" />
		<Unit filename="src/game/server/player.cpp" />
		<Unit filename="src/game/server/player.h" />
		<Unit filename="src/game/tuning.h" />
		<Unit filename="src/game/variables.h" />
		<Unit filename="src/game/version.h" />
		<Unit filename="src/game/voting.h" />
		<Unit filename="src/internal_base.h" />
		<Unit filename="src/mastersrv/mastersrv.cpp" />
		<Unit filename="src/mastersrv/mastersrv.h" />
		<Unit filename="src/osxlaunch/client.h" />
		<Unit filename="src/tools/crapnet.cpp" />
		<Unit filename="src/tools/dilate.cpp" />
		<Unit filename="src/tools/fake_server.cpp" />
		<Unit filename="src/tools/map_resave.cpp" />
		<Unit filename="src/tools/map_version.cpp" />
		<Unit filename="src/tools/packetgen.cpp" />
		<Unit filename="src/tools/tileset_borderfix.cpp" />
		<Unit filename="src/versionsrv/versionsrv.cpp" />
		<Unit filename="src/versionsrv/versionsrv.h" />
		<Extensions>
			<code_completion />
			<envvars />
			<debugger />
			<lib_finder disable_auto="1" />
		</Extensions>
	</Project>
</CodeBlocks_project_file>
